{
  "requires": true,
  "lockfileVersion": 1,
  "dependencies": {
    "node-tkinter": {
      "version": "0.0.2-security",
      "resolved": "https://registry.npmjs.org/node-tkinter/-/node-tkinter-0.0.2-security.tgz",
      "integrity": "sha512-0mx28HYKVvzrwJS2xl00UX8/Y1ehI2Doq7wtvg2ueUt01pAAqGycY/N+vLDshiJh/cg1BWOLMCSBk24026f+rA=="
    }
  }
}
